
Microsoft Visual Studio Solution File, Format Version 12.00
# Visual Studio Version 16
VisualStudioVersion = 16.0.30804.86
MinimumVisualStudioVersion = 10.0.40219.1
Project("{FAE04EC0-301F-11D3-BF4B-00C04F79EFBC}") = "OnlineSelfImprovement", "OnlineSelfImprovement.csproj", "{305E701F-C893-4285-A423-478B50669D02}"
EndProject
Global
	GlobalSection(SolutionConfigurationPlatforms) = preSolution
		Debug|Any CPU = Debug|Any CPU
		Release|Any CPU = Release|Any CPU
	EndGlobalSection
	GlobalSection(ProjectConfigurationPlatforms) = postSolution
		{305E701F-C893-4285-A423-478B50669D02}.Debug|Any CPU.ActiveCfg = Debug|Any CPU
		{305E701F-C893-4285-A423-478B50669D02}.Debug|Any CPU.Build.0 = Debug|Any CPU
		{305E701F-C893-4285-A423-478B50669D02}.Release|Any CPU.ActiveCfg = Release|Any CPU
		{305E701F-C893-4285-A423-478B50669D02}.Release|Any CPU.Build.0 = Release|Any CPU
	EndGlobalSection
	GlobalSection(SolutionProperties) = preSolution
		HideSolutionNode = FALSE
	EndGlobalSection
	GlobalSection(ExtensibilityGlobals) = postSolution
		SolutionGuid = {2927841F-910C-4713-9C6B-B8A1F851016F}
	EndGlobalSection
EndGlobal
